
Microsoft Visual Studio Solution File, Format Version 12.00
# Visual Studio Version 17
VisualStudioVersion = 17.8.34511.84
MinimumVisualStudioVersion = 10.0.40219.1
Project("{FAE04EC0-301F-11D3-BF4B-00C04F79EFBC}") = "Lab01-01", "Lab01-01\Lab01-01.csproj", "{EFE2D368-C59F-4B6E-A45A-3AFBE62C7078}"
EndProject
Project("{FAE04EC0-301F-11D3-BF4B-00C04F79EFBC}") = "Lab01-02", "Lab01-02\Lab01-02.csproj", "{8518AEB0-BCB6-4E54-842D-F4229AD8FDED}"
EndProject
Project("{FAE04EC0-301F-11D3-BF4B-00C04F79EFBC}") = "Lab01-03", "Lab01-03\Lab01-03.csproj", "{AF52DFCB-C9B8-45CA-A87B-66A109937BF4}"
EndProject
Global
	GlobalSection(SolutionConfigurationPlatforms) = preSolution
		Debug|Any CPU = Debug|Any CPU
		Release|Any CPU = Release|Any CPU
	EndGlobalSection
	GlobalSection(ProjectConfigurationPlatforms) = postSolution
		{EFE2D368-C59F-4B6E-A45A-3AFBE62C7078}.Debug|Any CPU.ActiveCfg = Debug|Any CPU
		{EFE2D368-C59F-4B6E-A45A-3AFBE62C7078}.Debug|Any CPU.Build.0 = Debug|Any CPU
		{EFE2D368-C59F-4B6E-A45A-3AFBE62C7078}.Release|Any CPU.ActiveCfg = Release|Any CPU
		{EFE2D368-C59F-4B6E-A45A-3AFBE62C7078}.Release|Any CPU.Build.0 = Release|Any CPU
		{8518AEB0-BCB6-4E54-842D-F4229AD8FDED}.Debug|Any CPU.ActiveCfg = Debug|Any CPU
		{8518AEB0-BCB6-4E54-842D-F4229AD8FDED}.Debug|Any CPU.Build.0 = Debug|Any CPU
		{8518AEB0-BCB6-4E54-842D-F4229AD8FDED}.Release|Any CPU.ActiveCfg = Release|Any CPU
		{8518AEB0-BCB6-4E54-842D-F4229AD8FDED}.Release|Any CPU.Build.0 = Release|Any CPU
		{AF52DFCB-C9B8-45CA-A87B-66A109937BF4}.Debug|Any CPU.ActiveCfg = Debug|Any CPU
		{AF52DFCB-C9B8-45CA-A87B-66A109937BF4}.Debug|Any CPU.Build.0 = Debug|Any CPU
		{AF52DFCB-C9B8-45CA-A87B-66A109937BF4}.Release|Any CPU.ActiveCfg = Release|Any CPU
		{AF52DFCB-C9B8-45CA-A87B-66A109937BF4}.Release|Any CPU.Build.0 = Release|Any CPU
	EndGlobalSection
	GlobalSection(SolutionProperties) = preSolution
		HideSolutionNode = FALSE
	EndGlobalSection
	GlobalSection(ExtensibilityGlobals) = postSolution
		SolutionGuid = {753F2C2F-6D3A-42FB-A63B-C4FA0DAE19EA}
	EndGlobalSection
EndGlobal
